
Microsoft Visual Studio Solution File, Format Version 12.00
# Visual Studio Version 17
VisualStudioVersion = 17.14.36121.58 d17.14
MinimumVisualStudioVersion = 10.0.40219.1
Project("{FAE04EC0-301F-11D3-BF4B-00C04F79EFBC}") = "WinFormsAppCalculadora", "WinFormsAppCalculadora\WinFormsAppCalculadora.csproj", "{EA1CB253-762C-4988-A74D-22BE284B3A6B}"
EndProject
Global
	GlobalSection(SolutionConfigurationPlatforms) = preSolution
		Debug|Any CPU = Debug|Any CPU
		Release|Any CPU = Release|Any CPU
	EndGlobalSection
	GlobalSection(ProjectConfigurationPlatforms) = postSolution
		{EA1CB253-762C-4988-A74D-22BE284B3A6B}.Debug|Any CPU.ActiveCfg = Debug|Any CPU
		{EA1CB253-762C-4988-A74D-22BE284B3A6B}.Debug|Any CPU.Build.0 = Debug|Any CPU
		{EA1CB253-762C-4988-A74D-22BE284B3A6B}.Release|Any CPU.ActiveCfg = Release|Any CPU
		{EA1CB253-762C-4988-A74D-22BE284B3A6B}.Release|Any CPU.Build.0 = Release|Any CPU
	EndGlobalSection
	GlobalSection(SolutionProperties) = preSolution
		HideSolutionNode = FALSE
	EndGlobalSection
	GlobalSection(ExtensibilityGlobals) = postSolution
		SolutionGuid = {B016B48B-7195-4D17-B0F7-215BB094C425}
	EndGlobalSection
EndGlobal
